
Microsoft Visual Studio Solution File, Format Version 12.00
# Visual Studio Version 17
VisualStudioVersion = 17.4.33110.190
MinimumVisualStudioVersion = 10.0.40219.1
Project("{FAE04EC0-301F-11D3-BF4B-00C04F79EFBC}") = "SteamModManager", "SteamModManager.csproj", "{1639C75E-E1FF-442D-AD78-815F924AC44D}"
EndProject
Global
	GlobalSection(SolutionConfigurationPlatforms) = preSolution
		Debug|Any CPU = Debug|Any CPU
		Release|Any CPU = Release|Any CPU
	EndGlobalSection
	GlobalSection(ProjectConfigurationPlatforms) = postSolution
		{1639C75E-E1FF-442D-AD78-815F924AC44D}.Debug|Any CPU.ActiveCfg = Debug|Any CPU
		{1639C75E-E1FF-442D-AD78-815F924AC44D}.Debug|Any CPU.Build.0 = Debug|Any CPU
		{1639C75E-E1FF-442D-AD78-815F924AC44D}.Release|Any CPU.ActiveCfg = Release|Any CPU
		{1639C75E-E1FF-442D-AD78-815F924AC44D}.Release|Any CPU.Build.0 = Release|Any CPU
	EndGlobalSection
	GlobalSection(SolutionProperties) = preSolution
		HideSolutionNode = FALSE
	EndGlobalSection
	GlobalSection(ExtensibilityGlobals) = postSolution
		SolutionGuid = {4A9E7C69-2C08-4F21-A2B1-277379B6FE36}
	EndGlobalSection
EndGlobal
